
Microsoft Visual Studio Solution File, Format Version 12.00
# Visual Studio Version 16
VisualStudioVersion = 16.0.31105.61
MinimumVisualStudioVersion = 10.0.40219.1
Project("{FAE04EC0-301F-11D3-BF4B-00C04F79EFBC}") = "Nova", "Nova.csproj", "{B02852F6-4F3B-4A9C-92B4-847294D84467}"
EndProject
Project("{FAE04EC0-301F-11D3-BF4B-00C04F79EFBC}") = "Nova.DAL", "..\Nova.DAl\Nova.DAL.csproj", "{05F3B84D-65A0-4A8C-BF46-94FA3383E886}"
EndProject
Project("{FAE04EC0-301F-11D3-BF4B-00C04F79EFBC}") = "Nova.BusinessObjects", "..\Nova.BusinessObjects\Nova.BusinessObjects.csproj", "{84AF73EE-8435-4360-AA0A-899D2755B6FF}"
EndProject
Global
	GlobalSection(SolutionConfigurationPlatforms) = preSolution
		Debug|Any CPU = Debug|Any CPU
		Release|Any CPU = Release|Any CPU
	EndGlobalSection
	GlobalSection(ProjectConfigurationPlatforms) = postSolution
		{B02852F6-4F3B-4A9C-92B4-847294D84467}.Debug|Any CPU.ActiveCfg = Debug|Any CPU
		{B02852F6-4F3B-4A9C-92B4-847294D84467}.Debug|Any CPU.Build.0 = Debug|Any CPU
		{B02852F6-4F3B-4A9C-92B4-847294D84467}.Release|Any CPU.ActiveCfg = Release|Any CPU
		{B02852F6-4F3B-4A9C-92B4-847294D84467}.Release|Any CPU.Build.0 = Release|Any CPU
		{05F3B84D-65A0-4A8C-BF46-94FA3383E886}.Debug|Any CPU.ActiveCfg = Debug|Any CPU
		{05F3B84D-65A0-4A8C-BF46-94FA3383E886}.Debug|Any CPU.Build.0 = Debug|Any CPU
		{05F3B84D-65A0-4A8C-BF46-94FA3383E886}.Release|Any CPU.ActiveCfg = Release|Any CPU
		{05F3B84D-65A0-4A8C-BF46-94FA3383E886}.Release|Any CPU.Build.0 = Release|Any CPU
		{84AF73EE-8435-4360-AA0A-899D2755B6FF}.Debug|Any CPU.ActiveCfg = Debug|Any CPU
		{84AF73EE-8435-4360-AA0A-899D2755B6FF}.Debug|Any CPU.Build.0 = Debug|Any CPU
		{84AF73EE-8435-4360-AA0A-899D2755B6FF}.Release|Any CPU.ActiveCfg = Release|Any CPU
		{84AF73EE-8435-4360-AA0A-899D2755B6FF}.Release|Any CPU.Build.0 = Release|Any CPU
	EndGlobalSection
	GlobalSection(SolutionProperties) = preSolution
		HideSolutionNode = FALSE
	EndGlobalSection
	GlobalSection(ExtensibilityGlobals) = postSolution
		SolutionGuid = {EB03B58B-46BE-476E-972F-4136C252CF78}
	EndGlobalSection
EndGlobal
